<?xml version="1.0" encoding="utf-8"?>
<Project ToolsVersion="4.0" xmlns="http://schemas.microsoft.com/developer/msbuild/2003">
  <ItemGroup>
    <Filter Include="소스 파일">
      <UniqueIdentifier>{4FC737F1-C7A5-4376-A066-2A32D752A2FF}</UniqueIdentifier>
      <Extensions>cpp;c;cc;cxx;def;odl;idl;hpj;bat;asm;asmx</Extensions>
    </Filter>
    <Filter Include="헤더 파일">
      <UniqueIdentifier>{93995380-89BD-4b04-88EB-625FBE52EBFB}</UniqueIdentifier>
      <Extensions>h;hh;hpp;hxx;hm;inl;inc;xsd</Extensions>
    </Filter>
    <Filter Include="net">
      <UniqueIdentifier>{f5355907-8e94-4e22-99b0-e4b1765dd812}</UniqueIdentifier>
    </Filter>
  </ItemGroup>
  <ItemGroup>
    <ClInclude Include="stdafx.h">
      <Filter>헤더 파일</Filter>
    </ClInclude>
    <ClInclude Include="targetver.h">
      <Filter>헤더 파일</Filter>
    </ClInclude>
    <ClInclude Include="..\net\Logger.h">
      <Filter>net</Filter>
    </ClInclude>
    <ClInclude Include="..\net\Crypt.h">
      <Filter>net</Filter>
    </ClInclude>
    <ClInclude Include="..\net\NetService.h">
      <Filter>net</Filter>
    </ClInclude>
    <ClInclude Include="..\net\NetServiceDelegate.h">
      <Filter>net</Filter>
    </ClInclude>
    <ClInclude Include="..\net\PacketSerialize.h">
      <Filter>net</Filter>
    </ClInclude>
    <ClInclude Include="..\net\TcpConnection.h">
      <Filter>net</Filter>
    </ClInclude>
    <ClInclude Include="..\net\types.h">
      <Filter>net</Filter>
    </ClInclude>
    <ClInclude Include="..\net\NetServiceError.h">
      <Filter>net</Filter>
    </ClInclude>
  </ItemGroup>
  <ItemGroup>
    <ClCompile Include="stdafx.cpp">
      <Filter>소스 파일</Filter>
    </ClCompile>
    <ClCompile Include="..\net\Crypt.cpp">
      <Filter>net</Filter>
    </ClCompile>
    <ClCompile Include="..\net\Logger.cpp">
      <Filter>net</Filter>
    </ClCompile>
    <ClCompile Include="..\net\NetService.cpp">
      <Filter>net</Filter>
    </ClCompile>
    <ClCompile Include="..\net\PacketSerialize.cpp">
      <Filter>net</Filter>
    </ClCompile>
    <ClCompile Include="..\net\TcpConnection.cpp">
      <Filter>net</Filter>
    </ClCompile>
    <ClCompile Include="..\net\NetServiceError.cpp">
      <Filter>net</Filter>
    </ClCompile>
    <ClCompile Include="server.cpp">
      <Filter>소스 파일</Filter>
    </ClCompile>
  </ItemGroup>
</Project>